// !$*UTF8*$!
{
	archiveVersion = 1;
	classes = {
	};
	objectVersion = 56;
	objects = {

/* Begin PBXBuildFile section */
		0FF5F77C2AA39E94001B432B /* ProcessingFiles in Frameworks */ = {isa = PBXBuildFile; productRef = 0FF5F77B2AA39E94001B432B /* ProcessingFiles */; };
		5A2179732AA5A90B00C2F621 /* CodeNode.swift in Sources */ = {isa = PBXBuildFile; fileRef = 5A2179712AA5A90B00C2F621 /* CodeNode.swift */; };
		5A2179742AA5A90B00C2F621 /* ReadNode.swift in Sources */ = {isa = PBXBuildFile; fileRef = 5A2179722AA5A90B00C2F621 /* ReadNode.swift */; };
		5A2179772AA5AC4C00C2F621 /* FileIterator.swift in Sources */ = {isa = PBXBuildFile; fileRef = 5A2179752AA5AC4C00C2F621 /* FileIterator.swift */; };
		5A2179782AA5AC4C00C2F621 /* FilePath.swift in Sources */ = {isa = PBXBuildFile; fileRef = 5A2179762AA5AC4C00C2F621 /* FilePath.swift */; };
		B7587B4F2A8F6CD600C78D4D /* AppDelegate.swift in Sources */ = {isa = PBXBuildFile; fileRef = B7587B4E2A8F6CD600C78D4D /* AppDelegate.swift */; };
		B7587B512A8F6CD600C78D4D /* ViewController.swift in Sources */ = {isa = PBXBuildFile; fileRef = B7587B502A8F6CD600C78D4D /* ViewController.swift */; };
		B7587B532A8F6CD700C78D4D /* Assets.xcassets in Resources */ = {isa = PBXBuildFile; fileRef = B7587B522A8F6CD700C78D4D /* Assets.xcassets */; };
		B7587B562A8F6CD700C78D4D /* Main.storyboard in Resources */ = {isa = PBXBuildFile; fileRef = B7587B542A8F6CD700C78D4D /* Main.storyboard */; };
		B7EC29E22A9F46510094D97D /* SwiftOperators in Frameworks */ = {isa = PBXBuildFile; productRef = B7EC29E12A9F46510094D97D /* SwiftOperators */; };
		B7EC29E42A9F46510094D97D /* SwiftParser in Frameworks */ = {isa = PBXBuildFile; productRef = B7EC29E32A9F46510094D97D /* SwiftParser */; };
		B7EC29E62A9F46510094D97D /* SwiftSyntax in Frameworks */ = {isa = PBXBuildFile; productRef = B7EC29E52A9F46510094D97D /* SwiftSyntax */; };
/* End PBXBuildFile section */

/* Begin PBXFileReference section */
		0FF5F7792AA39DDA001B432B /* ProcessingFiles */ = {isa = PBXFileReference; lastKnownFileType = wrapper; path = ProcessingFiles; sourceTree = "<group>"; };
		5A2179712AA5A90B00C2F621 /* CodeNode.swift */ = {isa = PBXFileReference; fileEncoding = 4; lastKnownFileType = sourcecode.swift; path = CodeNode.swift; sourceTree = "<group>"; };
		5A2179722AA5A90B00C2F621 /* ReadNode.swift */ = {isa = PBXFileReference; fileEncoding = 4; lastKnownFileType = sourcecode.swift; path = ReadNode.swift; sourceTree = "<group>"; };
		5A2179752AA5AC4C00C2F621 /* FileIterator.swift */ = {isa = PBXFileReference; fileEncoding = 4; lastKnownFileType = sourcecode.swift; path = FileIterator.swift; sourceTree = "<group>"; };
		5A2179762AA5AC4C00C2F621 /* FilePath.swift */ = {isa = PBXFileReference; fileEncoding = 4; lastKnownFileType = sourcecode.swift; path = FilePath.swift; sourceTree = "<group>"; };
		B7587B4B2A8F6CD600C78D4D /* ObfuscationTool.app */ = {isa = PBXFileReference; explicitFileType = wrapper.application; includeInIndex = 0; path = ObfuscationTool.app; sourceTree = BUILT_PRODUCTS_DIR; };
		B7587B4E2A8F6CD600C78D4D /* AppDelegate.swift */ = {isa = PBXFileReference; lastKnownFileType = sourcecode.swift; path = AppDelegate.swift; sourceTree = "<group>"; };
		B7587B502A8F6CD600C78D4D /* ViewController.swift */ = {isa = PBXFileReference; lastKnownFileType = sourcecode.swift; path = ViewController.swift; sourceTree = "<group>"; };
		B7587B522A8F6CD700C78D4D /* Assets.xcassets */ = {isa = PBXFileReference; lastKnownFileType = folder.assetcatalog; path = Assets.xcassets; sourceTree = "<group>"; };
		B7587B552A8F6CD700C78D4D /* Base */ = {isa = PBXFileReference; lastKnownFileType = file.storyboard; name = Base; path = Base.lproj/Main.storyboard; sourceTree = "<group>"; };
		B7587B572A8F6CD700C78D4D /* ObfuscationTool.entitlements */ = {isa = PBXFileReference; lastKnownFileType = text.plist.entitlements; path = ObfuscationTool.entitlements; sourceTree = "<group>"; };
/* End PBXFileReference section */

/* Begin PBXFrameworksBuildPhase section */
		B7587B482A8F6CD600C78D4D /* Frameworks */ = {
			isa = PBXFrameworksBuildPhase;
			buildActionMask = 2147483647;
			files = (
				B7EC29E22A9F46510094D97D /* SwiftOperators in Frameworks */,
				B7EC29E42A9F46510094D97D /* SwiftParser in Frameworks */,
				B7EC29E62A9F46510094D97D /* SwiftSyntax in Frameworks */,
				0FF5F77C2AA39E94001B432B /* ProcessingFiles in Frameworks */,
			);
			runOnlyForDeploymentPostprocessing = 0;
		};
/* End PBXFrameworksBuildPhase section */

/* Begin PBXGroup section */
		0FF5F7782AA39DDA001B432B /* Packages */ = {
			isa = PBXGroup;
			children = (
				0FF5F7792AA39DDA001B432B /* ProcessingFiles */,
			);
			name = Packages;
			sourceTree = "<group>";
		};
		0FF5F77A2AA39E94001B432B /* Frameworks */ = {
			isa = PBXGroup;
			children = (
			);
			name = Frameworks;
			sourceTree = "<group>";
		};
		5A2179702AA5A8D700C2F621 /* ReadNode */ = {
			isa = PBXGroup;
			children = (
				5A2179752AA5AC4C00C2F621 /* FileIterator.swift */,
				5A2179762AA5AC4C00C2F621 /* FilePath.swift */,
				5A2179712AA5A90B00C2F621 /* CodeNode.swift */,
				5A2179722AA5A90B00C2F621 /* ReadNode.swift */,
			);
			path = ReadNode;
			sourceTree = "<group>";
		};
		B7587B422A8F6CD600C78D4D = {
			isa = PBXGroup;
			children = (
				0FF5F7782AA39DDA001B432B /* Packages */,
				B7587B4D2A8F6CD600C78D4D /* ObfuscationTool */,
				B7587B4C2A8F6CD600C78D4D /* Products */,
				0FF5F77A2AA39E94001B432B /* Frameworks */,
			);
			sourceTree = "<group>";
		};
		B7587B4C2A8F6CD600C78D4D /* Products */ = {
			isa = PBXGroup;
			children = (
				B7587B4B2A8F6CD600C78D4D /* ObfuscationTool.app */,
			);
			name = Products;
			sourceTree = "<group>";
		};
		B7587B4D2A8F6CD600C78D4D /* ObfuscationTool */ = {
			isa = PBXGroup;
			children = (
				5A2179702AA5A8D700C2F621 /* ReadNode */,
				B7587B4E2A8F6CD600C78D4D /* AppDelegate.swift */,
				B7587B502A8F6CD600C78D4D /* ViewController.swift */,
				B7587B522A8F6CD700C78D4D /* Assets.xcassets */,
				B7587B542A8F6CD700C78D4D /* Main.storyboard */,
				B7587B572A8F6CD700C78D4D /* ObfuscationTool.entitlements */,
			);
			path = ObfuscationTool;
			sourceTree = "<group>";
		};
/* End PBXGroup section */

/* Begin PBXNativeTarget section */
		B7587B4A2A8F6CD600C78D4D /* ObfuscationTool */ = {
			isa = PBXNativeTarget;
			buildConfigurationList = B7587B5A2A8F6CD700C78D4D /* Build configuration list for PBXNativeTarget "ObfuscationTool" */;
			buildPhases = (
				B7587B472A8F6CD600C78D4D /* Sources */,
				B7587B482A8F6CD600C78D4D /* Frameworks */,
				B7587B492A8F6CD600C78D4D /* Resources */,
			);
			buildRules = (
			);
			dependencies = (
			);
			name = ObfuscationTool;
			packageProductDependencies = (
				B7EC29E12A9F46510094D97D /* SwiftOperators */,
				B7EC29E32A9F46510094D97D /* SwiftParser */,
				B7EC29E52A9F46510094D97D /* SwiftSyntax */,
				0FF5F77B2AA39E94001B432B /* ProcessingFiles */,
			);
			productName = ObfuscationTool;
			productReference = B7587B4B2A8F6CD600C78D4D /* ObfuscationTool.app */;
			productType = "com.apple.product-type.application";
		};
/* End PBXNativeTarget section */

/* Begin PBXProject section */
		B7587B432A8F6CD600C78D4D /* Project object */ = {
			isa = PBXProject;
			attributes = {
				BuildIndependentTargetsInParallel = 1;
				LastSwiftUpdateCheck = 1430;
				LastUpgradeCheck = 1430;
				TargetAttributes = {
					B7587B4A2A8F6CD600C78D4D = {
						CreatedOnToolsVersion = 14.3;
					};
				};
			};
			buildConfigurationList = B7587B462A8F6CD600C78D4D /* Build configuration list for PBXProject "ObfuscationTool" */;
			compatibilityVersion = "Xcode 14.0";
			developmentRegion = en;
			hasScannedForEncodings = 0;
			knownRegions = (
				en,
				Base,
			);
			mainGroup = B7587B422A8F6CD600C78D4D;
			packageReferences = (
				B7EC29E02A9F46510094D97D /* XCRemoteSwiftPackageReference "swift-syntax" */,
			);
			productRefGroup = B7587B4C2A8F6CD600C78D4D /* Products */;
			projectDirPath = "";
			projectRoot = "";
			targets = (
				B7587B4A2A8F6CD600C78D4D /* ObfuscationTool */,
			);
		};
/* End PBXProject section */

/* Begin PBXResourcesBuildPhase section */
		B7587B492A8F6CD600C78D4D /* Resources */ = {
			isa = PBXResourcesBuildPhase;
			buildActionMask = 2147483647;
			files = (
				B7587B532A8F6CD700C78D4D /* Assets.xcassets in Resources */,
				B7587B562A8F6CD700C78D4D /* Main.storyboard in Resources */,
			);
			runOnlyForDeploymentPostprocessing = 0;
		};
/* End PBXResourcesBuildPhase section */

/* Begin PBXSourcesBuildPhase section */
		B7587B472A8F6CD600C78D4D /* Sources */ = {
			isa = PBXSourcesBuildPhase;
			buildActionMask = 2147483647;
			files = (
				5A2179742AA5A90B00C2F621 /* ReadNode.swift in Sources */,
				5A2179772AA5AC4C00C2F621 /* FileIterator.swift in Sources */,
				5A2179782AA5AC4C00C2F621 /* FilePath.swift in Sources */,
				B7587B512A8F6CD600C78D4D /* ViewController.swift in Sources */,
				B7587B4F2A8F6CD600C78D4D /* AppDelegate.swift in Sources */,
				5A2179732AA5A90B00C2F621 /* CodeNode.swift in Sources */,
			);
			runOnlyForDeploymentPostprocessing = 0;
		};
/* End PBXSourcesBuildPhase section */

/* Begin PBXVariantGroup section */
		B7587B542A8F6CD700C78D4D /* Main.storyboard */ = {
			isa = PBXVariantGroup;
			children = (
				B7587B552A8F6CD700C78D4D /* Base */,
			);
			name = Main.storyboard;
			sourceTree = "<group>";
		};
/* End PBXVariantGroup section */

/* Begin XCBuildConfiguration section */
		B7587B582A8F6CD700C78D4D /* Debug */ = {
			isa = XCBuildConfiguration;
			buildSettings = {
				ALWAYS_SEARCH_USER_PATHS = NO;
				CLANG_ANALYZER_NONNULL = YES;
				CLANG_ANALYZER_NUMBER_OBJECT_CONVERSION = YES_AGGRESSIVE;
				CLANG_CXX_LANGUAGE_STANDARD = "gnu++20";
				CLANG_ENABLE_MODULES = YES;
				CLANG_ENABLE_OBJC_ARC = YES;
				CLANG_ENABLE_OBJC_WEAK = YES;
				CLANG_WARN_BLOCK_CAPTURE_AUTORELEASING = YES;
				CLANG_WARN_BOOL_CONVERSION = YES;
				CLANG_WARN_COMMA = YES;
				CLANG_WARN_CONSTANT_CONVERSION = YES;
				CLANG_WARN_DEPRECATED_OBJC_IMPLEMENTATIONS = YES;
				CLANG_WARN_DIRECT_OBJC_ISA_USAGE = YES_ERROR;
				CLANG_WARN_DOCUMENTATION_COMMENTS = YES;
				CLANG_WARN_EMPTY_BODY = YES;
				CLANG_WARN_ENUM_CONVERSION = YES;
				CLANG_WARN_INFINITE_RECURSION = YES;
				CLANG_WARN_INT_CONVERSION = YES;
				CLANG_WARN_NON_LITERAL_NULL_CONVERSION = YES;
				CLANG_WARN_OBJC_IMPLICIT_RETAIN_SELF = YES;
				CLANG_WARN_OBJC_LITERAL_CONVERSION = YES;
				CLANG_WARN_OBJC_ROOT_CLASS = YES_ERROR;
				CLANG_WARN_QUOTED_INCLUDE_IN_FRAMEWORK_HEADER = YES;
				CLANG_WARN_RANGE_LOOP_ANALYSIS = YES;
				CLANG_WARN_STRICT_PROTOTYPES = YES;
				CLANG_WARN_SUSPICIOUS_MOVE = YES;
				CLANG_WARN_UNGUARDED_AVAILABILITY = YES_AGGRESSIVE;
				CLANG_WARN_UNREACHABLE_CODE = YES;
				CLANG_WARN__DUPLICATE_METHOD_MATCH = YES;
				COPY_PHASE_STRIP = NO;
				DEBUG_INFORMATION_FORMAT = dwarf;
				ENABLE_STRICT_OBJC_MSGSEND = YES;
				ENABLE_TESTABILITY = YES;
				GCC_C_LANGUAGE_STANDARD = gnu11;
				GCC_DYNAMIC_NO_PIC = NO;
				GCC_NO_COMMON_BLOCKS = YES;
				GCC_OPTIMIZATION_LEVEL = 0;
				GCC_PREPROCESSOR_DEFINITIONS = (
					"DEBUG=1",
					"$(inherited)",
				);
				GCC_WARN_64_TO_32_BIT_CONVERSION = YES;
				GCC_WARN_ABOUT_RETURN_TYPE = YES_ERROR;
				GCC_WARN_UNDECLARED_SELECTOR = YES;
				GCC_WARN_UNINITIALIZED_AUTOS = YES_AGGRESSIVE;
				GCC_WARN_UNUSED_FUNCTION = YES;
				GCC_WARN_UNUSED_VARIABLE = YES;
				MACOSX_DEPLOYMENT_TARGET = 13.2;
				MTL_ENABLE_DEBUG_INFO = INCLUDE_SOURCE;
				MTL_FAST_MATH = YES;
				ONLY_ACTIVE_ARCH = YES;
				SDKROOT = macosx;
				SWIFT_ACTIVE_COMPILATION_CONDITIONS = DEBUG;
				SWIFT_OPTIMIZATION_LEVEL = "-Onone";
			};
			name = Debug;
		};
		B7587B592A8F6CD700C78D4D /* Release */ = {
			isa = XCBuildConfiguration;
			buildSettings = {
				ALWAYS_SEARCH_USER_PATHS = NO;
				CLANG_ANALYZER_NONNULL = YES;
				CLANG_ANALYZER_NUMBER_OBJECT_CONVERSION = YES_AGGRESSIVE;
				CLANG_CXX_LANGUAGE_STANDARD = "gnu++20";
				CLANG_ENABLE_MODULES = YES;
				CLANG_ENABLE_OBJC_ARC = YES;
				CLANG_ENABLE_OBJC_WEAK = YES;
				CLANG_WARN_BLOCK_CAPTURE_AUTORELEASING = YES;
				CLANG_WARN_BOOL_CONVERSION = YES;
				CLANG_WARN_COMMA = YES;
				CLANG_WARN_CONSTANT_CONVERSION = YES;
				CLANG_WARN_DEPRECATED_OBJC_IMPLEMENTATIONS = YES;
				CLANG_WARN_DIRECT_OBJC_ISA_USAGE = YES_ERROR;
				CLANG_WARN_DOCUMENTATION_COMMENTS = YES;
				CLANG_WARN_EMPTY_BODY = YES;
				CLANG_WARN_ENUM_CONVERSION = YES;
				CLANG_WARN_INFINITE_RECURSION = YES;
				CLANG_WARN_INT_CONVERSION = YES;
				CLANG_WARN_NON_LITERAL_NULL_CONVERSION = YES;
				CLANG_WARN_OBJC_IMPLICIT_RETAIN_SELF = YES;
				CLANG_WARN_OBJC_LITERAL_CONVERSION = YES;
				CLANG_WARN_OBJC_ROOT_CLASS = YES_ERROR;
				CLANG_WARN_QUOTED_INCLUDE_IN_FRAMEWORK_HEADER = YES;
				CLANG_WARN_RANGE_LOOP_ANALYSIS = YES;
				CLANG_WARN_STRICT_PROTOTYPES = YES;
				CLANG_WARN_SUSPICIOUS_MOVE = YES;
				CLANG_WARN_UNGUARDED_AVAILABILITY = YES_AGGRESSIVE;
				CLANG_WARN_UNREACHABLE_CODE = YES;
				CLANG_WARN__DUPLICATE_METHOD_MATCH = YES;
				COPY_PHASE_STRIP = NO;
				DEBUG_INFORMATION_FORMAT = "dwarf-with-dsym";
				ENABLE_NS_ASSERTIONS = NO;
				ENABLE_STRICT_OBJC_MSGSEND = YES;
				GCC_C_LANGUAGE_STANDARD = gnu11;
				GCC_NO_COMMON_BLOCKS = YES;
				GCC_WARN_64_TO_32_BIT_CONVERSION = YES;
				GCC_WARN_ABOUT_RETURN_TYPE = YES_ERROR;
				GCC_WARN_UNDECLARED_SELECTOR = YES;
				GCC_WARN_UNINITIALIZED_AUTOS = YES_AGGRESSIVE;
				GCC_WARN_UNUSED_FUNCTION = YES;
				GCC_WARN_UNUSED_VARIABLE = YES;
				MACOSX_DEPLOYMENT_TARGET = 13.2;
				MTL_ENABLE_DEBUG_INFO = NO;
				MTL_FAST_MATH = YES;
				SDKROOT = macosx;
				SWIFT_COMPILATION_MODE = wholemodule;
				SWIFT_OPTIMIZATION_LEVEL = "-O";
			};
			name = Release;
		};
		B7587B5B2A8F6CD700C78D4D /* Debug */ = {
			isa = XCBuildConfiguration;
			buildSettings = {
				ASSETCATALOG_COMPILER_APPICON_NAME = AppIcon;
				ASSETCATALOG_COMPILER_GLOBAL_ACCENT_COLOR_NAME = AccentColor;
				CODE_SIGN_ENTITLEMENTS = ObfuscationTool/ObfuscationTool.entitlements;
				"CODE_SIGN_IDENTITY[sdk=macosx*]" = "-";
				CODE_SIGN_STYLE = Manual;
				COMBINE_HIDPI_IMAGES = YES;
				CURRENT_PROJECT_VERSION = 1;
				DEVELOPMENT_TEAM = "";
				"DEVELOPMENT_TEAM[sdk=macosx*]" = "";
				ENABLE_HARDENED_RUNTIME = YES;
				GENERATE_INFOPLIST_FILE = YES;
				INFOPLIST_KEY_NSHumanReadableCopyright = "";
				INFOPLIST_KEY_NSMainStoryboardFile = Main;
				INFOPLIST_KEY_NSPrincipalClass = NSApplication;
				LD_RUNPATH_SEARCH_PATHS = (
					"$(inherited)",
					"@executable_path/../Frameworks",
				);
				MACOSX_DEPLOYMENT_TARGET = 11.5;
				MARKETING_VERSION = 1.0;
				PRODUCT_BUNDLE_IDENTIFIER = com.wd.live.ObfuscationTool;
				PRODUCT_NAME = "$(TARGET_NAME)";
				PROVISIONING_PROFILE_SPECIFIER = "";
				SWIFT_EMIT_LOC_STRINGS = YES;
				SWIFT_VERSION = 5.0;
			};
			name = Debug;
		};
		B7587B5C2A8F6CD700C78D4D /* Release */ = {
			isa = XCBuildConfiguration;
			buildSettings = {
				ASSETCATALOG_COMPILER_APPICON_NAME = AppIcon;
				ASSETCATALOG_COMPILER_GLOBAL_ACCENT_COLOR_NAME = AccentColor;
				CODE_SIGN_ENTITLEMENTS = ObfuscationTool/ObfuscationTool.entitlements;
				"CODE_SIGN_IDENTITY[sdk=macosx*]" = "-";
				CODE_SIGN_STYLE = Manual;
				COMBINE_HIDPI_IMAGES = YES;
				CURRENT_PROJECT_VERSION = 1;
				DEVELOPMENT_TEAM = "";
				"DEVELOPMENT_TEAM[sdk=macosx*]" = "";
				ENABLE_HARDENED_RUNTIME = YES;
				GENERATE_INFOPLIST_FILE = YES;
				INFOPLIST_KEY_NSHumanReadableCopyright = "";
				INFOPLIST_KEY_NSMainStoryboardFile = Main;
				INFOPLIST_KEY_NSPrincipalClass = NSApplication;
				LD_RUNPATH_SEARCH_PATHS = (
					"$(inherited)",
					"@executable_path/../Frameworks",
				);
				MACOSX_DEPLOYMENT_TARGET = 11.5;
				MARKETING_VERSION = 1.0;
				PRODUCT_BUNDLE_IDENTIFIER = com.wd.live.ObfuscationTool;
				PRODUCT_NAME = "$(TARGET_NAME)";
				PROVISIONING_PROFILE_SPECIFIER = "";
				SWIFT_EMIT_LOC_STRINGS = YES;
				SWIFT_VERSION = 5.0;
			};
			name = Release;
		};
/* End XCBuildConfiguration section */

/* Begin XCConfigurationList section */
		B7587B462A8F6CD600C78D4D /* Build configuration list for PBXProject "ObfuscationTool" */ = {
			isa = XCConfigurationList;
			buildConfigurations = (
				B7587B582A8F6CD700C78D4D /* Debug */,
				B7587B592A8F6CD700C78D4D /* Release */,
			);
			defaultConfigurationIsVisible = 0;
			defaultConfigurationName = Release;
		};
		B7587B5A2A8F6CD700C78D4D /* Build configuration list for PBXNativeTarget "ObfuscationTool" */ = {
			isa = XCConfigurationList;
			buildConfigurations = (
				B7587B5B2A8F6CD700C78D4D /* Debug */,
				B7587B5C2A8F6CD700C78D4D /* Release */,
			);
			defaultConfigurationIsVisible = 0;
			defaultConfigurationName = Release;
		};
/* End XCConfigurationList section */

/* Begin XCRemoteSwiftPackageReference section */
		B7EC29E02A9F46510094D97D /* XCRemoteSwiftPackageReference "swift-syntax" */ = {
			isa = XCRemoteSwiftPackageReference;
			repositoryURL = "https://github.com/apple/swift-syntax.git";
			requirement = {
				branch = main;
				kind = branch;
			};
		};
/* End XCRemoteSwiftPackageReference section */

/* Begin XCSwiftPackageProductDependency section */
		0FF5F77B2AA39E94001B432B /* ProcessingFiles */ = {
			isa = XCSwiftPackageProductDependency;
			productName = ProcessingFiles;
		};
		B7EC29E12A9F46510094D97D /* SwiftOperators */ = {
			isa = XCSwiftPackageProductDependency;
			package = B7EC29E02A9F46510094D97D /* XCRemoteSwiftPackageReference "swift-syntax" */;
			productName = SwiftOperators;
		};
		B7EC29E32A9F46510094D97D /* SwiftParser */ = {
			isa = XCSwiftPackageProductDependency;
			package = B7EC29E02A9F46510094D97D /* XCRemoteSwiftPackageReference "swift-syntax" */;
			productName = SwiftParser;
		};
		B7EC29E52A9F46510094D97D /* SwiftSyntax */ = {
			isa = XCSwiftPackageProductDependency;
			package = B7EC29E02A9F46510094D97D /* XCRemoteSwiftPackageReference "swift-syntax" */;
			productName = SwiftSyntax;
		};
/* End XCSwiftPackageProductDependency section */
	};
	rootObject = B7587B432A8F6CD600C78D4D /* Project object */;
}
